
Microsoft Visual Studio Solution File, Format Version 11.00
# Visual Studio 2010
Project("{FAE04EC0-301F-11D3-BF4B-00C04F79EFBC}") = "CS427-project", "Assembly-CSharp.csproj", "{37952E67-3777-124E-D0F9-B944ADED67D0}"
EndProject
Project("{FAE04EC0-301F-11D3-BF4B-00C04F79EFBC}") = "CS427-project", "Assembly-CSharp-Editor.csproj", "{0F1AE768-A01C-0D32-9A1D-9DF206A84774}"
EndProject
Global
	GlobalSection(SolutionConfigurationPlatforms) = preSolution
		Debug|Any CPU = Debug|Any CPU
		Release|Any CPU = Release|Any CPU
	EndGlobalSection
	GlobalSection(ProjectConfigurationPlatforms) = postSolution
		{37952E67-3777-124E-D0F9-B944ADED67D0}.Debug|Any CPU.ActiveCfg = Debug|Any CPU
		{37952E67-3777-124E-D0F9-B944ADED67D0}.Debug|Any CPU.Build.0 = Debug|Any CPU
		{37952E67-3777-124E-D0F9-B944ADED67D0}.Release|Any CPU.ActiveCfg = Release|Any CPU
		{37952E67-3777-124E-D0F9-B944ADED67D0}.Release|Any CPU.Build.0 = Release|Any CPU
		{0F1AE768-A01C-0D32-9A1D-9DF206A84774}.Debug|Any CPU.ActiveCfg = Debug|Any CPU
		{0F1AE768-A01C-0D32-9A1D-9DF206A84774}.Debug|Any CPU.Build.0 = Debug|Any CPU
		{0F1AE768-A01C-0D32-9A1D-9DF206A84774}.Release|Any CPU.ActiveCfg = Release|Any CPU
		{0F1AE768-A01C-0D32-9A1D-9DF206A84774}.Release|Any CPU.Build.0 = Release|Any CPU
	EndGlobalSection
	GlobalSection(SolutionProperties) = preSolution
		HideSolutionNode = FALSE
	EndGlobalSection
	GlobalSection(MonoDevelopProperties) = preSolution
		StartupItem = Assembly-CSharp.csproj
	EndGlobalSection
EndGlobal
